
Microsoft Visual Studio Solution File, Format Version 12.00
# Visual Studio 15
Project("{FAE04EC0-301F-11D3-BF4B-00C04F79EFBC}") = "Assembly-CSharp", "Assembly-CSharp.csproj", "{D6F476CD-4004-3425-F724-E432A0D5A108}"
EndProject
Project("{FAE04EC0-301F-11D3-BF4B-00C04F79EFBC}") = "Assembly-CSharp-Editor", "Assembly-CSharp-Editor.csproj", "{2A9EC3BB-4C26-BB8B-F49E-CBDC99D721DB}"
EndProject
Global
	GlobalSection(SolutionConfigurationPlatforms) = preSolution
		Debug|Any CPU = Debug|Any CPU
		Release|Any CPU = Release|Any CPU
	EndGlobalSection
	GlobalSection(ProjectConfigurationPlatforms) = postSolution
		{D6F476CD-4004-3425-F724-E432A0D5A108}.Debug|Any CPU.ActiveCfg = Debug|Any CPU
		{D6F476CD-4004-3425-F724-E432A0D5A108}.Debug|Any CPU.Build.0 = Debug|Any CPU
		{D6F476CD-4004-3425-F724-E432A0D5A108}.Release|Any CPU.ActiveCfg = Release|Any CPU
		{D6F476CD-4004-3425-F724-E432A0D5A108}.Release|Any CPU.Build.0 = Release|Any CPU
		{2A9EC3BB-4C26-BB8B-F49E-CBDC99D721DB}.Debug|Any CPU.ActiveCfg = Debug|Any CPU
		{2A9EC3BB-4C26-BB8B-F49E-CBDC99D721DB}.Debug|Any CPU.Build.0 = Debug|Any CPU
		{2A9EC3BB-4C26-BB8B-F49E-CBDC99D721DB}.Release|Any CPU.ActiveCfg = Release|Any CPU
		{2A9EC3BB-4C26-BB8B-F49E-CBDC99D721DB}.Release|Any CPU.Build.0 = Release|Any CPU
	EndGlobalSection
	GlobalSection(SolutionProperties) = preSolution
		HideSolutionNode = FALSE
	EndGlobalSection
EndGlobal
